
Microsoft Visual Studio Solution File, Format Version 12.00
# Visual Studio Version 17
VisualStudioVersion = 17.5.33627.172
MinimumVisualStudioVersion = 10.0.40219.1
Project("{FAE04EC0-301F-11D3-BF4B-00C04F79EFBC}") = "StockManagementApp", "Project_version_7\StockManagementApp.csproj", "{FB3D8C82-5131-426E-BD4A-23C234BA0CB2}"
EndProject
Global
	GlobalSection(SolutionConfigurationPlatforms) = preSolution
		Debug|Any CPU = Debug|Any CPU
		Release|Any CPU = Release|Any CPU
	EndGlobalSection
	GlobalSection(ProjectConfigurationPlatforms) = postSolution
		{FB3D8C82-5131-426E-BD4A-23C234BA0CB2}.Debug|Any CPU.ActiveCfg = Debug|Any CPU
		{FB3D8C82-5131-426E-BD4A-23C234BA0CB2}.Debug|Any CPU.Build.0 = Debug|Any CPU
		{FB3D8C82-5131-426E-BD4A-23C234BA0CB2}.Release|Any CPU.ActiveCfg = Release|Any CPU
		{FB3D8C82-5131-426E-BD4A-23C234BA0CB2}.Release|Any CPU.Build.0 = Release|Any CPU
	EndGlobalSection
	GlobalSection(SolutionProperties) = preSolution
		HideSolutionNode = FALSE
	EndGlobalSection
	GlobalSection(ExtensibilityGlobals) = postSolution
		SolutionGuid = {736BA329-B171-47AA-9D12-E4B9A4DE8A14}
	EndGlobalSection
EndGlobal
